
Microsoft Visual Studio Solution File, Format Version 12.00
# Visual Studio 15
VisualStudioVersion = 15.0.28010.2026
MinimumVisualStudioVersion = 10.0.40219.1
Project("{FAE04EC0-301F-11D3-BF4B-00C04F79EFBC}") = "Hello-world", "Hello-world\Hello-world.csproj", "{3D524BB7-9E49-44BD-999B-3C824B03E20E}"
EndProject
Project("{FAE04EC0-301F-11D3-BF4B-00C04F79EFBC}") = "Hello-worldTests", "Hello-worldTests\Hello-worldTests.csproj", "{DD19EB54-C90A-4F6A-B776-A33E614DDA64}"
EndProject
Global
	GlobalSection(SolutionConfigurationPlatforms) = preSolution
		Debug|Any CPU = Debug|Any CPU
		Release|Any CPU = Release|Any CPU
	EndGlobalSection
	GlobalSection(ProjectConfigurationPlatforms) = postSolution
		{3D524BB7-9E49-44BD-999B-3C824B03E20E}.Debug|Any CPU.ActiveCfg = Debug|Any CPU
		{3D524BB7-9E49-44BD-999B-3C824B03E20E}.Debug|Any CPU.Build.0 = Debug|Any CPU
		{3D524BB7-9E49-44BD-999B-3C824B03E20E}.Release|Any CPU.ActiveCfg = Release|Any CPU
		{3D524BB7-9E49-44BD-999B-3C824B03E20E}.Release|Any CPU.Build.0 = Release|Any CPU
		{DD19EB54-C90A-4F6A-B776-A33E614DDA64}.Debug|Any CPU.ActiveCfg = Debug|Any CPU
		{DD19EB54-C90A-4F6A-B776-A33E614DDA64}.Debug|Any CPU.Build.0 = Debug|Any CPU
		{DD19EB54-C90A-4F6A-B776-A33E614DDA64}.Release|Any CPU.ActiveCfg = Release|Any CPU
		{DD19EB54-C90A-4F6A-B776-A33E614DDA64}.Release|Any CPU.Build.0 = Release|Any CPU
	EndGlobalSection
	GlobalSection(SolutionProperties) = preSolution
		HideSolutionNode = FALSE
	EndGlobalSection
	GlobalSection(ExtensibilityGlobals) = postSolution
		SolutionGuid = {B3B5B783-9E86-4ABF-B95C-52F619AC4D1D}
	EndGlobalSection
EndGlobal
